
Microsoft Visual Studio Solution File, Format Version 12.00
# Visual Studio Version 16
VisualStudioVersion = 16.0.30330.147
MinimumVisualStudioVersion = 10.0.40219.1
Project("{FAE04EC0-301F-11D3-BF4B-00C04F79EFBC}") = "programa1", "programa1.csproj", "{210C1F34-A660-43C0-A0E7-3747D7D40785}"
EndProject
Global
	GlobalSection(SolutionConfigurationPlatforms) = preSolution
		Debug|Any CPU = Debug|Any CPU
		Release|Any CPU = Release|Any CPU
	EndGlobalSection
	GlobalSection(ProjectConfigurationPlatforms) = postSolution
		{210C1F34-A660-43C0-A0E7-3747D7D40785}.Debug|Any CPU.ActiveCfg = Debug|Any CPU
		{210C1F34-A660-43C0-A0E7-3747D7D40785}.Debug|Any CPU.Build.0 = Debug|Any CPU
		{210C1F34-A660-43C0-A0E7-3747D7D40785}.Release|Any CPU.ActiveCfg = Release|Any CPU
		{210C1F34-A660-43C0-A0E7-3747D7D40785}.Release|Any CPU.Build.0 = Release|Any CPU
	EndGlobalSection
	GlobalSection(SolutionProperties) = preSolution
		HideSolutionNode = FALSE
	EndGlobalSection
	GlobalSection(ExtensibilityGlobals) = postSolution
		SolutionGuid = {8D9023FA-E652-438E-917D-C91D06BDF3C6}
	EndGlobalSection
EndGlobal
