
Microsoft Visual Studio Solution File, Format Version 12.00
# Visual Studio Version 16
VisualStudioVersion = 16.0.30330.147
MinimumVisualStudioVersion = 10.0.40219.1
Project("{FAE04EC0-301F-11D3-BF4B-00C04F79EFBC}") = "algoritmo4", "algoritmo4.csproj", "{AE424F42-A5B0-4324-8A01-4A8D1D52504F}"
EndProject
Global
	GlobalSection(SolutionConfigurationPlatforms) = preSolution
		Debug|Any CPU = Debug|Any CPU
		Release|Any CPU = Release|Any CPU
	EndGlobalSection
	GlobalSection(ProjectConfigurationPlatforms) = postSolution
		{AE424F42-A5B0-4324-8A01-4A8D1D52504F}.Debug|Any CPU.ActiveCfg = Debug|Any CPU
		{AE424F42-A5B0-4324-8A01-4A8D1D52504F}.Debug|Any CPU.Build.0 = Debug|Any CPU
		{AE424F42-A5B0-4324-8A01-4A8D1D52504F}.Release|Any CPU.ActiveCfg = Release|Any CPU
		{AE424F42-A5B0-4324-8A01-4A8D1D52504F}.Release|Any CPU.Build.0 = Release|Any CPU
	EndGlobalSection
	GlobalSection(SolutionProperties) = preSolution
		HideSolutionNode = FALSE
	EndGlobalSection
	GlobalSection(ExtensibilityGlobals) = postSolution
		SolutionGuid = {6970C0C2-0630-44B6-BCDA-33BA79824707}
	EndGlobalSection
EndGlobal
