
Microsoft Visual Studio Solution File, Format Version 12.00
# Visual Studio Version 16
VisualStudioVersion = 16.0.30330.147
MinimumVisualStudioVersion = 10.0.40219.1
Project("{FAE04EC0-301F-11D3-BF4B-00C04F79EFBC}") = "algoritmo13", "algoritmo13.csproj", "{95EEBF14-029B-4F8B-8B91-0FD1A9B2644F}"
EndProject
Global
	GlobalSection(SolutionConfigurationPlatforms) = preSolution
		Debug|Any CPU = Debug|Any CPU
		Release|Any CPU = Release|Any CPU
	EndGlobalSection
	GlobalSection(ProjectConfigurationPlatforms) = postSolution
		{95EEBF14-029B-4F8B-8B91-0FD1A9B2644F}.Debug|Any CPU.ActiveCfg = Debug|Any CPU
		{95EEBF14-029B-4F8B-8B91-0FD1A9B2644F}.Debug|Any CPU.Build.0 = Debug|Any CPU
		{95EEBF14-029B-4F8B-8B91-0FD1A9B2644F}.Release|Any CPU.ActiveCfg = Release|Any CPU
		{95EEBF14-029B-4F8B-8B91-0FD1A9B2644F}.Release|Any CPU.Build.0 = Release|Any CPU
	EndGlobalSection
	GlobalSection(SolutionProperties) = preSolution
		HideSolutionNode = FALSE
	EndGlobalSection
	GlobalSection(ExtensibilityGlobals) = postSolution
		SolutionGuid = {1A1678E9-A80D-4BF7-852B-59836A36714F}
	EndGlobalSection
EndGlobal
