
Microsoft Visual Studio Solution File, Format Version 12.00
# Visual Studio Version 16
VisualStudioVersion = 16.0.30330.147
MinimumVisualStudioVersion = 10.0.40219.1
Project("{FAE04EC0-301F-11D3-BF4B-00C04F79EFBC}") = "algoritmo 2", "algoritmo 2.csproj", "{FF655FFD-80A1-496B-97F8-E85FD077E272}"
EndProject
Global
	GlobalSection(SolutionConfigurationPlatforms) = preSolution
		Debug|Any CPU = Debug|Any CPU
		Release|Any CPU = Release|Any CPU
	EndGlobalSection
	GlobalSection(ProjectConfigurationPlatforms) = postSolution
		{FF655FFD-80A1-496B-97F8-E85FD077E272}.Debug|Any CPU.ActiveCfg = Debug|Any CPU
		{FF655FFD-80A1-496B-97F8-E85FD077E272}.Debug|Any CPU.Build.0 = Debug|Any CPU
		{FF655FFD-80A1-496B-97F8-E85FD077E272}.Release|Any CPU.ActiveCfg = Release|Any CPU
		{FF655FFD-80A1-496B-97F8-E85FD077E272}.Release|Any CPU.Build.0 = Release|Any CPU
	EndGlobalSection
	GlobalSection(SolutionProperties) = preSolution
		HideSolutionNode = FALSE
	EndGlobalSection
	GlobalSection(ExtensibilityGlobals) = postSolution
		SolutionGuid = {510034F1-2964-4D46-B075-6F5856277DB2}
	EndGlobalSection
EndGlobal
