
Microsoft Visual Studio Solution File, Format Version 12.00
# Visual Studio Version 16
VisualStudioVersion = 16.0.30330.147
MinimumVisualStudioVersion = 10.0.40219.1
Project("{FAE04EC0-301F-11D3-BF4B-00C04F79EFBC}") = "problema 5", "problema 5.csproj", "{105B223D-FD27-4FFF-9B4F-B7A16E35A27E}"
EndProject
Global
	GlobalSection(SolutionConfigurationPlatforms) = preSolution
		Debug|Any CPU = Debug|Any CPU
		Release|Any CPU = Release|Any CPU
	EndGlobalSection
	GlobalSection(ProjectConfigurationPlatforms) = postSolution
		{105B223D-FD27-4FFF-9B4F-B7A16E35A27E}.Debug|Any CPU.ActiveCfg = Debug|Any CPU
		{105B223D-FD27-4FFF-9B4F-B7A16E35A27E}.Debug|Any CPU.Build.0 = Debug|Any CPU
		{105B223D-FD27-4FFF-9B4F-B7A16E35A27E}.Release|Any CPU.ActiveCfg = Release|Any CPU
		{105B223D-FD27-4FFF-9B4F-B7A16E35A27E}.Release|Any CPU.Build.0 = Release|Any CPU
	EndGlobalSection
	GlobalSection(SolutionProperties) = preSolution
		HideSolutionNode = FALSE
	EndGlobalSection
	GlobalSection(ExtensibilityGlobals) = postSolution
		SolutionGuid = {EA52ACA3-DFD1-4648-8EEA-67F7B68C9C61}
	EndGlobalSection
EndGlobal
